
Microsoft Visual Studio Solution File, Format Version 12.00
# Visual Studio Version 16
VisualStudioVersion = 16.0.808.3
MinimumVisualStudioVersion = 10.0.40219.1
Project("{9A19103F-16F7-4668-BE54-9A1E7A4F7556}") = "两数之和", "两数之和\两数之和.csproj", "{C68078CB-DA60-4FC5-B6AC-D76EBF3F482C}"
EndProject
Project("{9A19103F-16F7-4668-BE54-9A1E7A4F7556}") = "无重复字符的最长子串", "无重复字符的最长子串\无重复字符的最长子串.csproj", "{43A0A237-A4A4-419C-99DE-A55439A6F0C5}"
EndProject
Project("{9A19103F-16F7-4668-BE54-9A1E7A4F7556}") = "寻找两个正序数组的中位数", "寻找两个正序数组的中位数\寻找两个正序数组的中位数.csproj", "{A92489C9-6AA1-42D3-95CD-4ECCF35FF118}"
EndProject
Project("{9A19103F-16F7-4668-BE54-9A1E7A4F7556}") = "最长回文子串", "最长回文子串\最长回文子串.csproj", "{F0628DDF-9E68-4331-AB8E-C85FD88378AB}"
EndProject
Project("{9A19103F-16F7-4668-BE54-9A1E7A4F7556}") = "Z 字形变换", "Z 字形变换\Z 字形变换.csproj", "{32BEF4A4-9530-4EB8-BDD5-411965AD93F7}"
EndProject
Project("{9A19103F-16F7-4668-BE54-9A1E7A4F7556}") = "整数反转", "整数反转\整数反转.csproj", "{68663C86-46C9-44E9-9321-B69265B87F54}"
EndProject
Project("{9A19103F-16F7-4668-BE54-9A1E7A4F7556}") = "两数相加", "两数相加\两数相加.csproj", "{9E3FF565-C64D-407C-AB30-117D6492FA19}"
EndProject
Global
	GlobalSection(SolutionConfigurationPlatforms) = preSolution
		Debug|Any CPU = Debug|Any CPU
		Release|Any CPU = Release|Any CPU
	EndGlobalSection
	GlobalSection(ProjectConfigurationPlatforms) = postSolution
		{C68078CB-DA60-4FC5-B6AC-D76EBF3F482C}.Debug|Any CPU.ActiveCfg = Debug|Any CPU
		{C68078CB-DA60-4FC5-B6AC-D76EBF3F482C}.Debug|Any CPU.Build.0 = Debug|Any CPU
		{C68078CB-DA60-4FC5-B6AC-D76EBF3F482C}.Release|Any CPU.ActiveCfg = Release|Any CPU
		{C68078CB-DA60-4FC5-B6AC-D76EBF3F482C}.Release|Any CPU.Build.0 = Release|Any CPU
		{43A0A237-A4A4-419C-99DE-A55439A6F0C5}.Debug|Any CPU.ActiveCfg = Debug|Any CPU
		{43A0A237-A4A4-419C-99DE-A55439A6F0C5}.Debug|Any CPU.Build.0 = Debug|Any CPU
		{43A0A237-A4A4-419C-99DE-A55439A6F0C5}.Release|Any CPU.ActiveCfg = Release|Any CPU
		{43A0A237-A4A4-419C-99DE-A55439A6F0C5}.Release|Any CPU.Build.0 = Release|Any CPU
		{A92489C9-6AA1-42D3-95CD-4ECCF35FF118}.Debug|Any CPU.ActiveCfg = Debug|Any CPU
		{A92489C9-6AA1-42D3-95CD-4ECCF35FF118}.Debug|Any CPU.Build.0 = Debug|Any CPU
		{A92489C9-6AA1-42D3-95CD-4ECCF35FF118}.Release|Any CPU.ActiveCfg = Release|Any CPU
		{A92489C9-6AA1-42D3-95CD-4ECCF35FF118}.Release|Any CPU.Build.0 = Release|Any CPU
		{F0628DDF-9E68-4331-AB8E-C85FD88378AB}.Debug|Any CPU.ActiveCfg = Debug|Any CPU
		{F0628DDF-9E68-4331-AB8E-C85FD88378AB}.Debug|Any CPU.Build.0 = Debug|Any CPU
		{F0628DDF-9E68-4331-AB8E-C85FD88378AB}.Release|Any CPU.ActiveCfg = Release|Any CPU
		{F0628DDF-9E68-4331-AB8E-C85FD88378AB}.Release|Any CPU.Build.0 = Release|Any CPU
		{32BEF4A4-9530-4EB8-BDD5-411965AD93F7}.Debug|Any CPU.ActiveCfg = Debug|Any CPU
		{32BEF4A4-9530-4EB8-BDD5-411965AD93F7}.Debug|Any CPU.Build.0 = Debug|Any CPU
		{32BEF4A4-9530-4EB8-BDD5-411965AD93F7}.Release|Any CPU.ActiveCfg = Release|Any CPU
		{32BEF4A4-9530-4EB8-BDD5-411965AD93F7}.Release|Any CPU.Build.0 = Release|Any CPU
		{68663C86-46C9-44E9-9321-B69265B87F54}.Debug|Any CPU.ActiveCfg = Debug|Any CPU
		{68663C86-46C9-44E9-9321-B69265B87F54}.Debug|Any CPU.Build.0 = Debug|Any CPU
		{68663C86-46C9-44E9-9321-B69265B87F54}.Release|Any CPU.ActiveCfg = Release|Any CPU
		{68663C86-46C9-44E9-9321-B69265B87F54}.Release|Any CPU.Build.0 = Release|Any CPU
		{9E3FF565-C64D-407C-AB30-117D6492FA19}.Debug|Any CPU.ActiveCfg = Debug|Any CPU
		{9E3FF565-C64D-407C-AB30-117D6492FA19}.Debug|Any CPU.Build.0 = Debug|Any CPU
		{9E3FF565-C64D-407C-AB30-117D6492FA19}.Release|Any CPU.ActiveCfg = Release|Any CPU
		{9E3FF565-C64D-407C-AB30-117D6492FA19}.Release|Any CPU.Build.0 = Release|Any CPU
	EndGlobalSection
	GlobalSection(SolutionProperties) = preSolution
		HideSolutionNode = FALSE
	EndGlobalSection
	GlobalSection(ExtensibilityGlobals) = postSolution
		SolutionGuid = {CBB99A41-3D90-47A2-8137-0B6D6884AA1B}
	EndGlobalSection
EndGlobal
